// !$*UTF8*$!
{
	archiveVersion = 1;
	classes = {
	};
	objectVersion = 77;
	objects = {

/* Begin PBXBuildFile section */
		C894FCFC2DEC154B00F1AA69 /* ZIPFoundation in Frameworks */ = {isa = PBXBuildFile; productRef = C894FCFB2DEC154B00F1AA69 /* ZIPFoundation */; };
/* End PBXBuildFile section */

/* Begin PBXContainerItemProxy section */
		C894FCD62DEC14A400F1AA69 /* PBXContainerItemProxy */ = {
			isa = PBXContainerItemProxy;
			containerPortal = C894FCC02DEC14A200F1AA69 /* Project object */;
			proxyType = 1;
			remoteGlobalIDString = C894FCC72DEC14A200F1AA69;
			remoteInfo = plethora;
		};
		C894FCE02DEC14A400F1AA69 /* PBXContainerItemProxy */ = {
			isa = PBXContainerItemProxy;
			containerPortal = C894FCC02DEC14A200F1AA69 /* Project object */;
			proxyType = 1;
			remoteGlobalIDString = C894FCC72DEC14A200F1AA69;
			remoteInfo = plethora;
		};
/* End PBXContainerItemProxy section */

/* Begin PBXFileReference section */
		C894FCC82DEC14A200F1AA69 /* plethora.app */ = {isa = PBXFileReference; explicitFileType = wrapper.application; includeInIndex = 0; path = plethora.app; sourceTree = BUILT_PRODUCTS_DIR; };
		C894FCD52DEC14A400F1AA69 /* plethoraTests.xctest */ = {isa = PBXFileReference; explicitFileType = wrapper.cfbundle; includeInIndex = 0; path = plethoraTests.xctest; sourceTree = BUILT_PRODUCTS_DIR; };
		C894FCDF2DEC14A400F1AA69 /* plethoraUITests.xctest */ = {isa = PBXFileReference; explicitFileType = wrapper.cfbundle; includeInIndex = 0; path = plethoraUITests.xctest; sourceTree = BUILT_PRODUCTS_DIR; };
/* End PBXFileReference section */

/* Begin PBXFileSystemSynchronizedRootGroup section */
		C894FCCA2DEC14A200F1AA69 /* plethora */ = {
			isa = PBXFileSystemSynchronizedRootGroup;
			path = plethora;
			sourceTree = "<group>";
		};
		C894FCD82DEC14A400F1AA69 /* plethoraTests */ = {
			isa = PBXFileSystemSynchronizedRootGroup;
			path = plethoraTests;
			sourceTree = "<group>";
		};
		C894FCE22DEC14A400F1AA69 /* plethoraUITests */ = {
			isa = PBXFileSystemSynchronizedRootGroup;
			path = plethoraUITests;
			sourceTree = "<group>";
		};
/* End PBXFileSystemSynchronizedRootGroup section */

/* Begin PBXFrameworksBuildPhase section */
		C894FCC52DEC14A200F1AA69 /* Frameworks */ = {
			isa = PBXFrameworksBuildPhase;
			buildActionMask = 2147483647;
			files = (
				C894FCFC2DEC154B00F1AA69 /* ZIPFoundation in Frameworks */,
			);
			runOnlyForDeploymentPostprocessing = 0;
		};
		C894FCD22DEC14A400F1AA69 /* Frameworks */ = {
			isa = PBXFrameworksBuildPhase;
			buildActionMask = 2147483647;
			files = (
			);
			runOnlyForDeploymentPostprocessing = 0;
		};
		C894FCDC2DEC14A400F1AA69 /* Frameworks */ = {
			isa = PBXFrameworksBuildPhase;
			buildActionMask = 2147483647;
			files = (
			);
			runOnlyForDeploymentPostprocessing = 0;
		};
/* End PBXFrameworksBuildPhase section */

/* Begin PBXGroup section */
		C894FCBF2DEC14A200F1AA69 = {
			isa = PBXGroup;
			children = (
				C894FCCA2DEC14A200F1AA69 /* plethora */,
				C894FCD82DEC14A400F1AA69 /* plethoraTests */,
				C894FCE22DEC14A400F1AA69 /* plethoraUITests */,
				C894FCC92DEC14A200F1AA69 /* Products */,
			);
			sourceTree = "<group>";
		};
		C894FCC92DEC14A200F1AA69 /* Products */ = {
			isa = PBXGroup;
			children = (
				C894FCC82DEC14A200F1AA69 /* plethora.app */,
				C894FCD52DEC14A400F1AA69 /* plethoraTests.xctest */,
				C894FCDF2DEC14A400F1AA69 /* plethoraUITests.xctest */,
			);
			name = Products;
			sourceTree = "<group>";
		};
/* End PBXGroup section */

/* Begin PBXNativeTarget section */
		C894FCC72DEC14A200F1AA69 /* plethora */ = {
			isa = PBXNativeTarget;
			buildConfigurationList = C894FCE92DEC14A400F1AA69 /* Build configuration list for PBXNativeTarget "plethora" */;
			buildPhases = (
				C894FCC42DEC14A200F1AA69 /* Sources */,
				C894FCC52DEC14A200F1AA69 /* Frameworks */,
				C894FCC62DEC14A200F1AA69 /* Resources */,
			);
			buildRules = (
			);
			dependencies = (
			);
			fileSystemSynchronizedGroups = (
				C894FCCA2DEC14A200F1AA69 /* plethora */,
			);
			name = plethora;
			packageProductDependencies = (
				C894FCFB2DEC154B00F1AA69 /* ZIPFoundation */,
			);
			productName = plethora;
			productReference = C894FCC82DEC14A200F1AA69 /* plethora.app */;
			productType = "com.apple.product-type.application";
		};
		C894FCD42DEC14A400F1AA69 /* plethoraTests */ = {
			isa = PBXNativeTarget;
			buildConfigurationList = C894FCEC2DEC14A400F1AA69 /* Build configuration list for PBXNativeTarget "plethoraTests" */;
			buildPhases = (
				C894FCD12DEC14A400F1AA69 /* Sources */,
				C894FCD22DEC14A400F1AA69 /* Frameworks */,
				C894FCD32DEC14A400F1AA69 /* Resources */,
			);
			buildRules = (
			);
			dependencies = (
				C894FCD72DEC14A400F1AA69 /* PBXTargetDependency */,
			);
			fileSystemSynchronizedGroups = (
				C894FCD82DEC14A400F1AA69 /* plethoraTests */,
			);
			name = plethoraTests;
			packageProductDependencies = (
			);
			productName = plethoraTests;
			productReference = C894FCD52DEC14A400F1AA69 /* plethoraTests.xctest */;
			productType = "com.apple.product-type.bundle.unit-test";
		};
		C894FCDE2DEC14A400F1AA69 /* plethoraUITests */ = {
			isa = PBXNativeTarget;
			buildConfigurationList = C894FCEF2DEC14A400F1AA69 /* Build configuration list for PBXNativeTarget "plethoraUITests" */;
			buildPhases = (
				C894FCDB2DEC14A400F1AA69 /* Sources */,
				C894FCDC2DEC14A400F1AA69 /* Frameworks */,
				C894FCDD2DEC14A400F1AA69 /* Resources */,
			);
			buildRules = (
			);
			dependencies = (
				C894FCE12DEC14A400F1AA69 /* PBXTargetDependency */,
			);
			fileSystemSynchronizedGroups = (
				C894FCE22DEC14A400F1AA69 /* plethoraUITests */,
			);
			name = plethoraUITests;
			packageProductDependencies = (
			);
			productName = plethoraUITests;
			productReference = C894FCDF2DEC14A400F1AA69 /* plethoraUITests.xctest */;
			productType = "com.apple.product-type.bundle.ui-testing";
		};
/* End PBXNativeTarget section */

/* Begin PBXProject section */
		C894FCC02DEC14A200F1AA69 /* Project object */ = {
			isa = PBXProject;
			attributes = {
				BuildIndependentTargetsInParallel = 1;
				LastSwiftUpdateCheck = 1640;
				LastUpgradeCheck = 1640;
				TargetAttributes = {
					C894FCC72DEC14A200F1AA69 = {
						CreatedOnToolsVersion = 16.4;
					};
					C894FCD42DEC14A400F1AA69 = {
						CreatedOnToolsVersion = 16.4;
						TestTargetID = C894FCC72DEC14A200F1AA69;
					};
					C894FCDE2DEC14A400F1AA69 = {
						CreatedOnToolsVersion = 16.4;
						TestTargetID = C894FCC72DEC14A200F1AA69;
					};
				};
			};
			buildConfigurationList = C894FCC32DEC14A200F1AA69 /* Build configuration list for PBXProject "plethora" */;
			developmentRegion = en;
			hasScannedForEncodings = 0;
			knownRegions = (
				en,
				Base,
			);
			mainGroup = C894FCBF2DEC14A200F1AA69;
			minimizedProjectReferenceProxies = 1;
			packageReferences = (
				C894FCFA2DEC154B00F1AA69 /* XCRemoteSwiftPackageReference "ZIPFoundation" */,
			);
			preferredProjectObjectVersion = 77;
			productRefGroup = C894FCC92DEC14A200F1AA69 /* Products */;
			projectDirPath = "";
			projectRoot = "";
			targets = (
				C894FCC72DEC14A200F1AA69 /* plethora */,
				C894FCD42DEC14A400F1AA69 /* plethoraTests */,
				C894FCDE2DEC14A400F1AA69 /* plethoraUITests */,
			);
		};
/* End PBXProject section */

/* Begin PBXResourcesBuildPhase section */
		C894FCC62DEC14A200F1AA69 /* Resources */ = {
			isa = PBXResourcesBuildPhase;
			buildActionMask = 2147483647;
			files = (
			);
			runOnlyForDeploymentPostprocessing = 0;
		};
		C894FCD32DEC14A400F1AA69 /* Resources */ = {
			isa = PBXResourcesBuildPhase;
			buildActionMask = 2147483647;
			files = (
			);
			runOnlyForDeploymentPostprocessing = 0;
		};
		C894FCDD2DEC14A400F1AA69 /* Resources */ = {
			isa = PBXResourcesBuildPhase;
			buildActionMask = 2147483647;
			files = (
			);
			runOnlyForDeploymentPostprocessing = 0;
		};
/* End PBXResourcesBuildPhase section */

/* Begin PBXSourcesBuildPhase section */
		C894FCC42DEC14A200F1AA69 /* Sources */ = {
			isa = PBXSourcesBuildPhase;
			buildActionMask = 2147483647;
			files = (
			);
			runOnlyForDeploymentPostprocessing = 0;
		};
		C894FCD12DEC14A400F1AA69 /* Sources */ = {
			isa = PBXSourcesBuildPhase;
			buildActionMask = 2147483647;
			files = (
			);
			runOnlyForDeploymentPostprocessing = 0;
		};
		C894FCDB2DEC14A400F1AA69 /* Sources */ = {
			isa = PBXSourcesBuildPhase;
			buildActionMask = 2147483647;
			files = (
			);
			runOnlyForDeploymentPostprocessing = 0;
		};
/* End PBXSourcesBuildPhase section */

/* Begin PBXTargetDependency section */
		C894FCD72DEC14A400F1AA69 /* PBXTargetDependency */ = {
			isa = PBXTargetDependency;
			target = C894FCC72DEC14A200F1AA69 /* plethora */;
			targetProxy = C894FCD62DEC14A400F1AA69 /* PBXContainerItemProxy */;
		};
		C894FCE12DEC14A400F1AA69 /* PBXTargetDependency */ = {
			isa = PBXTargetDependency;
			target = C894FCC72DEC14A200F1AA69 /* plethora */;
			targetProxy = C894FCE02DEC14A400F1AA69 /* PBXContainerItemProxy */;
		};
/* End PBXTargetDependency section */

/* Begin XCBuildConfiguration section */
		C894FCE72DEC14A400F1AA69 /* Debug */ = {
			isa = XCBuildConfiguration;
			buildSettings = {
				ALWAYS_SEARCH_USER_PATHS = NO;
				ASSETCATALOG_COMPILER_GENERATE_SWIFT_ASSET_SYMBOL_EXTENSIONS = YES;
				CLANG_ANALYZER_NONNULL = YES;
				CLANG_ANALYZER_NUMBER_OBJECT_CONVERSION = YES_AGGRESSIVE;
				CLANG_CXX_LANGUAGE_STANDARD = "gnu++20";
				CLANG_ENABLE_MODULES = YES;
				CLANG_ENABLE_OBJC_ARC = YES;
				CLANG_ENABLE_OBJC_WEAK = YES;
				CLANG_WARN_BLOCK_CAPTURE_AUTORELEASING = YES;
				CLANG_WARN_BOOL_CONVERSION = YES;
				CLANG_WARN_COMMA = YES;
				CLANG_WARN_CONSTANT_CONVERSION = YES;
				CLANG_WARN_DEPRECATED_OBJC_IMPLEMENTATIONS = YES;
				CLANG_WARN_DIRECT_OBJC_ISA_USAGE = YES_ERROR;
				CLANG_WARN_DOCUMENTATION_COMMENTS = YES;
				CLANG_WARN_EMPTY_BODY = YES;
				CLANG_WARN_ENUM_CONVERSION = YES;
				CLANG_WARN_INFINITE_RECURSION = YES;
				CLANG_WARN_INT_CONVERSION = YES;
				CLANG_WARN_NON_LITERAL_NULL_CONVERSION = YES;
				CLANG_WARN_OBJC_IMPLICIT_RETAIN_SELF = YES;
				CLANG_WARN_OBJC_LITERAL_CONVERSION = YES;
				CLANG_WARN_OBJC_ROOT_CLASS = YES_ERROR;
				CLANG_WARN_QUOTED_INCLUDE_IN_FRAMEWORK_HEADER = YES;
				CLANG_WARN_RANGE_LOOP_ANALYSIS = YES;
				CLANG_WARN_STRICT_PROTOTYPES = YES;
				CLANG_WARN_SUSPICIOUS_MOVE = YES;
				CLANG_WARN_UNGUARDED_AVAILABILITY = YES_AGGRESSIVE;
				CLANG_WARN_UNREACHABLE_CODE = YES;
				CLANG_WARN__DUPLICATE_METHOD_MATCH = YES;
				COPY_PHASE_STRIP = NO;
				DEBUG_INFORMATION_FORMAT = dwarf;
				ENABLE_STRICT_OBJC_MSGSEND = YES;
				ENABLE_TESTABILITY = YES;
				ENABLE_USER_SCRIPT_SANDBOXING = YES;
				GCC_C_LANGUAGE_STANDARD = gnu17;
				GCC_DYNAMIC_NO_PIC = NO;
				GCC_NO_COMMON_BLOCKS = YES;
				GCC_OPTIMIZATION_LEVEL = 0;
				GCC_PREPROCESSOR_DEFINITIONS = (
					"DEBUG=1",
					"$(inherited)",
				);
				GCC_WARN_64_TO_32_BIT_CONVERSION = YES;
				GCC_WARN_ABOUT_RETURN_TYPE = YES_ERROR;
				GCC_WARN_UNDECLARED_SELECTOR = YES;
				GCC_WARN_UNINITIALIZED_AUTOS = YES_AGGRESSIVE;
				GCC_WARN_UNUSED_FUNCTION = YES;
				GCC_WARN_UNUSED_VARIABLE = YES;
				IPHONEOS_DEPLOYMENT_TARGET = 18.5;
				LOCALIZATION_PREFERS_STRING_CATALOGS = YES;
				MTL_ENABLE_DEBUG_INFO = INCLUDE_SOURCE;
				MTL_FAST_MATH = YES;
				ONLY_ACTIVE_ARCH = YES;
				SDKROOT = iphoneos;
				SWIFT_ACTIVE_COMPILATION_CONDITIONS = "DEBUG $(inherited)";
				SWIFT_OPTIMIZATION_LEVEL = "-Onone";
			};
			name = Debug;
		};
		C894FCE82DEC14A400F1AA69 /* Release */ = {
			isa = XCBuildConfiguration;
			buildSettings = {
				ALWAYS_SEARCH_USER_PATHS = NO;
				ASSETCATALOG_COMPILER_GENERATE_SWIFT_ASSET_SYMBOL_EXTENSIONS = YES;
				CLANG_ANALYZER_NONNULL = YES;
				CLANG_ANALYZER_NUMBER_OBJECT_CONVERSION = YES_AGGRESSIVE;
				CLANG_CXX_LANGUAGE_STANDARD = "gnu++20";
				CLANG_ENABLE_MODULES = YES;
				CLANG_ENABLE_OBJC_ARC = YES;
				CLANG_ENABLE_OBJC_WEAK = YES;
				CLANG_WARN_BLOCK_CAPTURE_AUTORELEASING = YES;
				CLANG_WARN_BOOL_CONVERSION = YES;
				CLANG_WARN_COMMA = YES;
				CLANG_WARN_CONSTANT_CONVERSION = YES;
				CLANG_WARN_DEPRECATED_OBJC_IMPLEMENTATIONS = YES;
				CLANG_WARN_DIRECT_OBJC_ISA_USAGE = YES_ERROR;
				CLANG_WARN_DOCUMENTATION_COMMENTS = YES;
				CLANG_WARN_EMPTY_BODY = YES;
				CLANG_WARN_ENUM_CONVERSION = YES;
				CLANG_WARN_INFINITE_RECURSION = YES;
				CLANG_WARN_INT_CONVERSION = YES;
				CLANG_WARN_NON_LITERAL_NULL_CONVERSION = YES;
				CLANG_WARN_OBJC_IMPLICIT_RETAIN_SELF = YES;
				CLANG_WARN_OBJC_LITERAL_CONVERSION = YES;
				CLANG_WARN_OBJC_ROOT_CLASS = YES_ERROR;
				CLANG_WARN_QUOTED_INCLUDE_IN_FRAMEWORK_HEADER = YES;
				CLANG_WARN_RANGE_LOOP_ANALYSIS = YES;
				CLANG_WARN_STRICT_PROTOTYPES = YES;
				CLANG_WARN_SUSPICIOUS_MOVE = YES;
				CLANG_WARN_UNGUARDED_AVAILABILITY = YES_AGGRESSIVE;
				CLANG_WARN_UNREACHABLE_CODE = YES;
				CLANG_WARN__DUPLICATE_METHOD_MATCH = YES;
				COPY_PHASE_STRIP = NO;
				DEBUG_INFORMATION_FORMAT = "dwarf-with-dsym";
				ENABLE_NS_ASSERTIONS = NO;
				ENABLE_STRICT_OBJC_MSGSEND = YES;
				ENABLE_USER_SCRIPT_SANDBOXING = YES;
				GCC_C_LANGUAGE_STANDARD = gnu17;
				GCC_NO_COMMON_BLOCKS = YES;
				GCC_WARN_64_TO_32_BIT_CONVERSION = YES;
				GCC_WARN_ABOUT_RETURN_TYPE = YES_ERROR;
				GCC_WARN_UNDECLARED_SELECTOR = YES;
				GCC_WARN_UNINITIALIZED_AUTOS = YES_AGGRESSIVE;
				GCC_WARN_UNUSED_FUNCTION = YES;
				GCC_WARN_UNUSED_VARIABLE = YES;
				IPHONEOS_DEPLOYMENT_TARGET = 18.5;
				LOCALIZATION_PREFERS_STRING_CATALOGS = YES;
				MTL_ENABLE_DEBUG_INFO = NO;
				MTL_FAST_MATH = YES;
				SDKROOT = iphoneos;
				SWIFT_COMPILATION_MODE = wholemodule;
				VALIDATE_PRODUCT = YES;
			};
			name = Release;
		};
		C894FCEA2DEC14A400F1AA69 /* Debug */ = {
			isa = XCBuildConfiguration;
			buildSettings = {
				ASSETCATALOG_COMPILER_APPICON_NAME = AppIcon;
				ASSETCATALOG_COMPILER_GLOBAL_ACCENT_COLOR_NAME = AccentColor;
				CODE_SIGN_IDENTITY = "";
				CODE_SIGN_STYLE = Manual;
				CURRENT_PROJECT_VERSION = 1;
				DEVELOPMENT_TEAM = "";
				ENABLE_PREVIEWS = YES;
				GENERATE_INFOPLIST_FILE = YES;
				INFOPLIST_KEY_UIApplicationSceneManifest_Generation = YES;
				INFOPLIST_KEY_UIApplicationSupportsIndirectInputEvents = YES;
				INFOPLIST_KEY_UILaunchScreen_Generation = YES;
				INFOPLIST_KEY_UISupportedInterfaceOrientations_iPad = "UIInterfaceOrientationPortrait UIInterfaceOrientationPortraitUpsideDown UIInterfaceOrientationLandscapeLeft UIInterfaceOrientationLandscapeRight";
				INFOPLIST_KEY_UISupportedInterfaceOrientations_iPhone = "UIInterfaceOrientationPortrait UIInterfaceOrientationLandscapeLeft UIInterfaceOrientationLandscapeRight";
				IPHONEOS_DEPLOYMENT_TARGET = 17.0;
				LD_RUNPATH_SEARCH_PATHS = (
					"$(inherited)",
					"@executable_path/Frameworks",
				);
				MARKETING_VERSION = 1.0;
				PRODUCT_BUNDLE_IDENTIFIER = jcp.plethora;
				PRODUCT_NAME = "$(TARGET_NAME)";
				PROVISIONING_PROFILE_SPECIFIER = "";
				SWIFT_EMIT_LOC_STRINGS = YES;
				SWIFT_VERSION = 5.0;
				TARGETED_DEVICE_FAMILY = "1,2";
			};
			name = Debug;
		};
		C894FCEB2DEC14A400F1AA69 /* Release */ = {
			isa = XCBuildConfiguration;
			buildSettings = {
				ASSETCATALOG_COMPILER_APPICON_NAME = AppIcon;
				ASSETCATALOG_COMPILER_GLOBAL_ACCENT_COLOR_NAME = AccentColor;
				CODE_SIGN_IDENTITY = "";
				CODE_SIGN_STYLE = Manual;
				CURRENT_PROJECT_VERSION = 1;
				DEVELOPMENT_TEAM = "";
				ENABLE_PREVIEWS = YES;
				GENERATE_INFOPLIST_FILE = YES;
				INFOPLIST_KEY_UIApplicationSceneManifest_Generation = YES;
				INFOPLIST_KEY_UIApplicationSupportsIndirectInputEvents = YES;
				INFOPLIST_KEY_UILaunchScreen_Generation = YES;
				INFOPLIST_KEY_UISupportedInterfaceOrientations_iPad = "UIInterfaceOrientationPortrait UIInterfaceOrientationPortraitUpsideDown UIInterfaceOrientationLandscapeLeft UIInterfaceOrientationLandscapeRight";
				INFOPLIST_KEY_UISupportedInterfaceOrientations_iPhone = "UIInterfaceOrientationPortrait UIInterfaceOrientationLandscapeLeft UIInterfaceOrientationLandscapeRight";
				IPHONEOS_DEPLOYMENT_TARGET = 17.0;
				LD_RUNPATH_SEARCH_PATHS = (
					"$(inherited)",
					"@executable_path/Frameworks",
				);
				MARKETING_VERSION = 1.0;
				PRODUCT_BUNDLE_IDENTIFIER = jcp.plethora;
				PRODUCT_NAME = "$(TARGET_NAME)";
				PROVISIONING_PROFILE_SPECIFIER = "";
				SWIFT_EMIT_LOC_STRINGS = YES;
				SWIFT_VERSION = 5.0;
				TARGETED_DEVICE_FAMILY = "1,2";
			};
			name = Release;
		};
		C894FCED2DEC14A400F1AA69 /* Debug */ = {
			isa = XCBuildConfiguration;
			buildSettings = {
				BUNDLE_LOADER = "$(TEST_HOST)";
				CODE_SIGN_STYLE = Automatic;
				CURRENT_PROJECT_VERSION = 1;
				GENERATE_INFOPLIST_FILE = YES;
				IPHONEOS_DEPLOYMENT_TARGET = 18.5;
				MARKETING_VERSION = 1.0;
				PRODUCT_BUNDLE_IDENTIFIER = jcp.plethoraTests;
				PRODUCT_NAME = "$(TARGET_NAME)";
				SWIFT_EMIT_LOC_STRINGS = NO;
				SWIFT_VERSION = 5.0;
				TARGETED_DEVICE_FAMILY = "1,2";
				TEST_HOST = "$(BUILT_PRODUCTS_DIR)/plethora.app/$(BUNDLE_EXECUTABLE_FOLDER_PATH)/plethora";
			};
			name = Debug;
		};
		C894FCEE2DEC14A400F1AA69 /* Release */ = {
			isa = XCBuildConfiguration;
			buildSettings = {
				BUNDLE_LOADER = "$(TEST_HOST)";
				CODE_SIGN_STYLE = Automatic;
				CURRENT_PROJECT_VERSION = 1;
				GENERATE_INFOPLIST_FILE = YES;
				IPHONEOS_DEPLOYMENT_TARGET = 18.5;
				MARKETING_VERSION = 1.0;
				PRODUCT_BUNDLE_IDENTIFIER = jcp.plethoraTests;
				PRODUCT_NAME = "$(TARGET_NAME)";
				SWIFT_EMIT_LOC_STRINGS = NO;
				SWIFT_VERSION = 5.0;
				TARGETED_DEVICE_FAMILY = "1,2";
				TEST_HOST = "$(BUILT_PRODUCTS_DIR)/plethora.app/$(BUNDLE_EXECUTABLE_FOLDER_PATH)/plethora";
			};
			name = Release;
		};
		C894FCF02DEC14A400F1AA69 /* Debug */ = {
			isa = XCBuildConfiguration;
			buildSettings = {
				CODE_SIGN_STYLE = Automatic;
				CURRENT_PROJECT_VERSION = 1;
				GENERATE_INFOPLIST_FILE = YES;
				MARKETING_VERSION = 1.0;
				PRODUCT_BUNDLE_IDENTIFIER = jcp.plethoraUITests;
				PRODUCT_NAME = "$(TARGET_NAME)";
				SWIFT_EMIT_LOC_STRINGS = NO;
				SWIFT_VERSION = 5.0;
				TARGETED_DEVICE_FAMILY = "1,2";
				TEST_TARGET_NAME = plethora;
			};
			name = Debug;
		};
		C894FCF12DEC14A400F1AA69 /* Release */ = {
			isa = XCBuildConfiguration;
			buildSettings = {
				CODE_SIGN_STYLE = Automatic;
				CURRENT_PROJECT_VERSION = 1;
				GENERATE_INFOPLIST_FILE = YES;
				MARKETING_VERSION = 1.0;
				PRODUCT_BUNDLE_IDENTIFIER = jcp.plethoraUITests;
				PRODUCT_NAME = "$(TARGET_NAME)";
				SWIFT_EMIT_LOC_STRINGS = NO;
				SWIFT_VERSION = 5.0;
				TARGETED_DEVICE_FAMILY = "1,2";
				TEST_TARGET_NAME = plethora;
			};
			name = Release;
		};
/* End XCBuildConfiguration section */

/* Begin XCConfigurationList section */
		C894FCC32DEC14A200F1AA69 /* Build configuration list for PBXProject "plethora" */ = {
			isa = XCConfigurationList;
			buildConfigurations = (
				C894FCE72DEC14A400F1AA69 /* Debug */,
				C894FCE82DEC14A400F1AA69 /* Release */,
			);
			defaultConfigurationIsVisible = 0;
			defaultConfigurationName = Release;
		};
		C894FCE92DEC14A400F1AA69 /* Build configuration list for PBXNativeTarget "plethora" */ = {
			isa = XCConfigurationList;
			buildConfigurations = (
				C894FCEA2DEC14A400F1AA69 /* Debug */,
				C894FCEB2DEC14A400F1AA69 /* Release */,
			);
			defaultConfigurationIsVisible = 0;
			defaultConfigurationName = Release;
		};
		C894FCEC2DEC14A400F1AA69 /* Build configuration list for PBXNativeTarget "plethoraTests" */ = {
			isa = XCConfigurationList;
			buildConfigurations = (
				C894FCED2DEC14A400F1AA69 /* Debug */,
				C894FCEE2DEC14A400F1AA69 /* Release */,
			);
			defaultConfigurationIsVisible = 0;
			defaultConfigurationName = Release;
		};
		C894FCEF2DEC14A400F1AA69 /* Build configuration list for PBXNativeTarget "plethoraUITests" */ = {
			isa = XCConfigurationList;
			buildConfigurations = (
				C894FCF02DEC14A400F1AA69 /* Debug */,
				C894FCF12DEC14A400F1AA69 /* Release */,
			);
			defaultConfigurationIsVisible = 0;
			defaultConfigurationName = Release;
		};
/* End XCConfigurationList section */

/* Begin XCRemoteSwiftPackageReference section */
		C894FCFA2DEC154B00F1AA69 /* XCRemoteSwiftPackageReference "ZIPFoundation" */ = {
			isa = XCRemoteSwiftPackageReference;
			repositoryURL = "https://github.com/weichsel/ZIPFoundation";
			requirement = {
				kind = upToNextMajorVersion;
				minimumVersion = 0.9.19;
			};
		};
/* End XCRemoteSwiftPackageReference section */

/* Begin XCSwiftPackageProductDependency section */
		C894FCFB2DEC154B00F1AA69 /* ZIPFoundation */ = {
			isa = XCSwiftPackageProductDependency;
			package = C894FCFA2DEC154B00F1AA69 /* XCRemoteSwiftPackageReference "ZIPFoundation" */;
			productName = ZIPFoundation;
		};
/* End XCSwiftPackageProductDependency section */
	};
	rootObject = C894FCC02DEC14A200F1AA69 /* Project object */;
}
